
Microsoft Visual Studio Solution File, Format Version 12.00
# Visual Studio Version 16
VisualStudioVersion = 25.0.1706.7
MinimumVisualStudioVersion = 10.0.40219.1
Project("{FAE04EC0-301F-11D3-BF4B-00C04F79EFBC}") = "NewApp", "NewApp\NewApp.csproj", "{04DBDFAF-213F-4F8E-B933-A4E5BC335E5D}"
EndProject
Global
	GlobalSection(SolutionConfigurationPlatforms) = preSolution
		Debug|Any CPU = Debug|Any CPU
		Release|Any CPU = Release|Any CPU
	EndGlobalSection
	GlobalSection(ProjectConfigurationPlatforms) = postSolution
		{04DBDFAF-213F-4F8E-B933-A4E5BC335E5D}.Debug|Any CPU.ActiveCfg = Debug|Any CPU
		{04DBDFAF-213F-4F8E-B933-A4E5BC335E5D}.Debug|Any CPU.Build.0 = Debug|Any CPU
		{04DBDFAF-213F-4F8E-B933-A4E5BC335E5D}.Release|Any CPU.ActiveCfg = Release|Any CPU
		{04DBDFAF-213F-4F8E-B933-A4E5BC335E5D}.Release|Any CPU.Build.0 = Release|Any CPU
	EndGlobalSection
	GlobalSection(SolutionProperties) = preSolution
		HideSolutionNode = FALSE
	EndGlobalSection
	GlobalSection(ExtensibilityGlobals) = postSolution
		SolutionGuid = {B0C71585-48D5-439E-91FA-0AA98DAF4A09}
	EndGlobalSection
EndGlobal
